Microsoft Visual Studio Solution File, Format Version 12.00
# Visual Studio Version 17
VisualStudioVersion = 17.5.2.0
MinimumVisualStudioVersion = 10.0.40219.1
Project("{FAE04EC0-301F-11D3-BF4B-00C04F79EFBC}") = "CarRentalCsv", "CarRentalCsv\CarRentalCsv.csproj", "{AAFB6833-153D-5E81-C3F1-E190739D4D4E}"
EndProject
Global
	GlobalSection(SolutionConfigurationPlatforms) = preSolution
		Debug|Any CPU = Debug|Any CPU
		Release|Any CPU = Release|Any CPU
	EndGlobalSection
	GlobalSection(ProjectConfigurationPlatforms) = postSolution
		{AAFB6833-153D-5E81-C3F1-E190739D4D4E}.Debug|Any CPU.ActiveCfg = Debug|Any CPU
		{AAFB6833-153D-5E81-C3F1-E190739D4D4E}.Debug|Any CPU.Build.0 = Debug|Any CPU
		{AAFB6833-153D-5E81-C3F1-E190739D4D4E}.Release|Any CPU.ActiveCfg = Release|Any CPU
		{AAFB6833-153D-5E81-C3F1-E190739D4D4E}.Release|Any CPU.Build.0 = Release|Any CPU
	EndGlobalSection
	GlobalSection(SolutionProperties) = preSolution
		HideSolutionNode = FALSE
	EndGlobalSection
	GlobalSection(ExtensibilityGlobals) = postSolution
		SolutionGuid = {91CA0BD7-966C-49DE-8ABB-BBA8B0F65500}
	EndGlobalSection
EndGlobal
